// !$*UTF8*$!
{
	archiveVersion = 1;
	classes = {
	};
	objectVersion = 50;
	objects = {

/* Begin PBXBuildFile section */
		47D3857F2406B45C007BA0BA /* AppDelegate.swift in Sources */ = {isa = PBXBuildFile; fileRef = 47D3857E2406B45C007BA0BA /* AppDelegate.swift */; };
		47D385812406B45C007BA0BA /* SceneDelegate.swift in Sources */ = {isa = PBXBuildFile; fileRef = 47D385802406B45C007BA0BA /* SceneDelegate.swift */; };
		47D385832406B45C007BA0BA /* MembersViewController.swift in Sources */ = {isa = PBXBuildFile; fileRef = 47D385822406B45C007BA0BA /* MembersViewController.swift */; };
		47D385892406B45C007BA0BA /* HipoAssignment.xcdatamodeld in Sources */ = {isa = PBXBuildFile; fileRef = 47D385872406B45C007BA0BA /* HipoAssignment.xcdatamodeld */; };
		47D3858B2406B45F007BA0BA /* Assets.xcassets in Resources */ = {isa = PBXBuildFile; fileRef = 47D3858A2406B45F007BA0BA /* Assets.xcassets */; };
		47D3858E2406B45F007BA0BA /* LaunchScreen.storyboard in Resources */ = {isa = PBXBuildFile; fileRef = 47D3858C2406B45F007BA0BA /* LaunchScreen.storyboard */; };
		47D385962406BC71007BA0BA /* MemberDetailViewController.swift in Sources */ = {isa = PBXBuildFile; fileRef = 47D385952406BC71007BA0BA /* MemberDetailViewController.swift */; };
/* End PBXBuildFile section */

/* Begin PBXFileReference section */
		47D3857B2406B45C007BA0BA /* HipoAssignment.app */ = {isa = PBXFileReference; explicitFileType = wrapper.application; includeInIndex = 0; path = HipoAssignment.app; sourceTree = BUILT_PRODUCTS_DIR; };
		47D3857E2406B45C007BA0BA /* AppDelegate.swift */ = {isa = PBXFileReference; lastKnownFileType = sourcecode.swift; path = AppDelegate.swift; sourceTree = "<group>"; };
		47D385802406B45C007BA0BA /* SceneDelegate.swift */ = {isa = PBXFileReference; lastKnownFileType = sourcecode.swift; path = SceneDelegate.swift; sourceTree = "<group>"; };
		47D385822406B45C007BA0BA /* MembersViewController.swift */ = {isa = PBXFileReference; lastKnownFileType = sourcecode.swift; path = MembersViewController.swift; sourceTree = "<group>"; };
		47D385882406B45C007BA0BA /* HipoAssignment.xcdatamodel */ = {isa = PBXFileReference; lastKnownFileType = wrapper.xcdatamodel; path = HipoAssignment.xcdatamodel; sourceTree = "<group>"; };
		47D3858A2406B45F007BA0BA /* Assets.xcassets */ = {isa = PBXFileReference; lastKnownFileType = folder.assetcatalog; path = Assets.xcassets; sourceTree = "<group>"; };
		47D3858D2406B45F007BA0BA /* Base */ = {isa = PBXFileReference; lastKnownFileType = file.storyboard; name = Base; path = Base.lproj/LaunchScreen.storyboard; sourceTree = "<group>"; };
		47D3858F2406B45F007BA0BA /* Info.plist */ = {isa = PBXFileReference; lastKnownFileType = text.plist.xml; path = Info.plist; sourceTree = "<group>"; };
		47D385952406BC71007BA0BA /* MemberDetailViewController.swift */ = {isa = PBXFileReference; lastKnownFileType = sourcecode.swift; path = MemberDetailViewController.swift; sourceTree = "<group>"; };
/* End PBXFileReference section */

/* Begin PBXFrameworksBuildPhase section */
		47D385782406B45C007BA0BA /* Frameworks */ = {
			isa = PBXFrameworksBuildPhase;
			buildActionMask = 2147483647;
			files = (
			);
			runOnlyForDeploymentPostprocessing = 0;
		};
/* End PBXFrameworksBuildPhase section */

/* Begin PBXGroup section */
		47D385722406B45C007BA0BA = {
			isa = PBXGroup;
			children = (
				47D3857D2406B45C007BA0BA /* HipoAssignment */,
				47D3857C2406B45C007BA0BA /* Products */,
			);
			sourceTree = "<group>";
		};
		47D3857C2406B45C007BA0BA /* Products */ = {
			isa = PBXGroup;
			children = (
				47D3857B2406B45C007BA0BA /* HipoAssignment.app */,
			);
			name = Products;
			sourceTree = "<group>";
		};
		47D3857D2406B45C007BA0BA /* HipoAssignment */ = {
			isa = PBXGroup;
			children = (
				47D3857E2406B45C007BA0BA /* AppDelegate.swift */,
				47D385802406B45C007BA0BA /* SceneDelegate.swift */,
				47D385822406B45C007BA0BA /* MembersViewController.swift */,
				47D385952406BC71007BA0BA /* MemberDetailViewController.swift */,
				47D3858A2406B45F007BA0BA /* Assets.xcassets */,
				47D3858C2406B45F007BA0BA /* LaunchScreen.storyboard */,
				47D3858F2406B45F007BA0BA /* Info.plist */,
				47D385872406B45C007BA0BA /* HipoAssignment.xcdatamodeld */,
			);
			path = HipoAssignment;
			sourceTree = "<group>";
		};
/* End PBXGroup section */

/* Begin PBXNativeTarget section */
		47D3857A2406B45C007BA0BA /* HipoAssignment */ = {
			isa = PBXNativeTarget;
			buildConfigurationList = 47D385922406B45F007BA0BA /* Build configuration list for PBXNativeTarget "HipoAssignment" */;
			buildPhases = (
				47D385772406B45C007BA0BA /* Sources */,
				47D385782406B45C007BA0BA /* Frameworks */,
				47D385792406B45C007BA0BA /* Resources */,
			);
			buildRules = (
			);
			dependencies = (
			);
			name = HipoAssignment;
			productName = HipoAssignment;
			productReference = 47D3857B2406B45C007BA0BA /* HipoAssignment.app */;
			productType = "com.apple.product-type.application";
		};
/* End PBXNativeTarget section */

/* Begin PBXProject section */
		47D385732406B45C007BA0BA /* Project object */ = {
			isa = PBXProject;
			attributes = {
				LastSwiftUpdateCheck = 1130;
				LastUpgradeCheck = 1130;
				ORGANIZATIONNAME = "Ali Emre Degirmenci";
				TargetAttributes = {
					47D3857A2406B45C007BA0BA = {
						CreatedOnToolsVersion = 11.3.1;
					};
				};
			};
			buildConfigurationList = 47D385762406B45C007BA0BA /* Build configuration list for PBXProject "HipoAssignment" */;
			compatibilityVersion = "Xcode 9.3";
			developmentRegion = en;
			hasScannedForEncodings = 0;
			knownRegions = (
				en,
				Base,
			);
			mainGroup = 47D385722406B45C007BA0BA;
			productRefGroup = 47D3857C2406B45C007BA0BA /* Products */;
			projectDirPath = "";
			projectRoot = "";
			targets = (
				47D3857A2406B45C007BA0BA /* HipoAssignment */,
			);
		};
/* End PBXProject section */

/* Begin PBXResourcesBuildPhase section */
		47D385792406B45C007BA0BA /* Resources */ = {
			isa = PBXResourcesBuildPhase;
			buildActionMask = 2147483647;
			files = (
				47D3858E2406B45F007BA0BA /* LaunchScreen.storyboard in Resources */,
				47D3858B2406B45F007BA0BA /* Assets.xcassets in Resources */,
			);
			runOnlyForDeploymentPostprocessing = 0;
		};
/* End PBXResourcesBuildPhase section */

/* Begin PBXSourcesBuildPhase section */
		47D385772406B45C007BA0BA /* Sources */ = {
			isa = PBXSourcesBuildPhase;
			buildActionMask = 2147483647;
			files = (
				47D385892406B45C007BA0BA /* HipoAssignment.xcdatamodeld in Sources */,
				47D385832406B45C007BA0BA /* MembersViewController.swift in Sources */,
				47D3857F2406B45C007BA0BA /* AppDelegate.swift in Sources */,
				47D385962406BC71007BA0BA /* MemberDetailViewController.swift in Sources */,
				47D385812406B45C007BA0BA /* SceneDelegate.swift in Sources */,
			);
			runOnlyForDeploymentPostprocessing = 0;
		};
/* End PBXSourcesBuildPhase section */

/* Begin PBXVariantGroup section */
		47D3858C2406B45F007BA0BA /* LaunchScreen.storyboard */ = {
			isa = PBXVariantGroup;
			children = (
				47D3858D2406B45F007BA0BA /* Base */,
			);
			name = LaunchScreen.storyboard;
			sourceTree = "<group>";
		};
/* End PBXVariantGroup section */

/* Begin XCBuildConfiguration section */
		47D385902406B45F007BA0BA /* Debug */ = {
			isa = XCBuildConfiguration;
			buildSettings = {
				ALWAYS_SEARCH_USER_PATHS = NO;
				CLANG_ANALYZER_NONNULL = YES;
				CLANG_ANALYZER_NUMBER_OBJECT_CONVERSION = YES_AGGRESSIVE;
				CLANG_CXX_LANGUAGE_STANDARD = "gnu++14";
				CLANG_CXX_LIBRARY = "libc++";
				CLANG_ENABLE_MODULES = YES;
				CLANG_ENABLE_OBJC_ARC = YES;
				CLANG_ENABLE_OBJC_WEAK = YES;
				CLANG_WARN_BLOCK_CAPTURE_AUTORELEASING = YES;
				CLANG_WARN_BOOL_CONVERSION = YES;
				CLANG_WARN_COMMA = YES;
				CLANG_WARN_CONSTANT_CONVERSION = YES;
				CLANG_WARN_DEPRECATED_OBJC_IMPLEMENTATIONS = YES;
				CLANG_WARN_DIRECT_OBJC_ISA_USAGE = YES_ERROR;
				CLANG_WARN_DOCUMENTATION_COMMENTS = YES;
				CLANG_WARN_EMPTY_BODY = YES;
				CLANG_WARN_ENUM_CONVERSION = YES;
				CLANG_WARN_INFINITE_RECURSION = YES;
				CLANG_WARN_INT_CONVERSION = YES;
				CLANG_WARN_NON_LITERAL_NULL_CONVERSION = YES;
				CLANG_WARN_OBJC_IMPLICIT_RETAIN_SELF = YES;
				CLANG_WARN_OBJC_LITERAL_CONVERSION = YES;
				CLANG_WARN_OBJC_ROOT_CLASS = YES_ERROR;
				CLANG_WARN_RANGE_LOOP_ANALYSIS = YES;
				CLANG_WARN_STRICT_PROTOTYPES = YES;
				CLANG_WARN_SUSPICIOUS_MOVE = YES;
				CLANG_WARN_UNGUARDED_AVAILABILITY = YES_AGGRESSIVE;
				CLANG_WARN_UNREACHABLE_CODE = YES;
				CLANG_WARN__DUPLICATE_METHOD_MATCH = YES;
				COPY_PHASE_STRIP = NO;
				DEBUG_INFORMATION_FORMAT = dwarf;
				ENABLE_STRICT_OBJC_MSGSEND = YES;
				ENABLE_TESTABILITY = YES;
				GCC_C_LANGUAGE_STANDARD = gnu11;
				GCC_DYNAMIC_NO_PIC = NO;
				GCC_NO_COMMON_BLOCKS = YES;
				GCC_OPTIMIZATION_LEVEL = 0;
				GCC_PREPROCESSOR_DEFINITIONS = (
					"DEBUG=1",
					"$(inherited)",
				);
				GCC_WARN_64_TO_32_BIT_CONVERSION = YES;
				GCC_WARN_ABOUT_RETURN_TYPE = YES_ERROR;
				GCC_WARN_UNDECLARED_SELECTOR = YES;
				GCC_WARN_UNINITIALIZED_AUTOS = YES_AGGRESSIVE;
				GCC_WARN_UNUSED_FUNCTION = YES;
				GCC_WARN_UNUSED_VARIABLE = YES;
				IPHONEOS_DEPLOYMENT_TARGET = 13.2;
				MTL_ENABLE_DEBUG_INFO = INCLUDE_SOURCE;
				MTL_FAST_MATH = YES;
				ONLY_ACTIVE_ARCH = YES;
				SDKROOT = iphoneos;
				SWIFT_ACTIVE_COMPILATION_CONDITIONS = DEBUG;
				SWIFT_OPTIMIZATION_LEVEL = "-Onone";
			};
			name = Debug;
		};
		47D385912406B45F007BA0BA /* Release */ = {
			isa = XCBuildConfiguration;
			buildSettings = {
				ALWAYS_SEARCH_USER_PATHS = NO;
				CLANG_ANALYZER_NONNULL = YES;
				CLANG_ANALYZER_NUMBER_OBJECT_CONVERSION = YES_AGGRESSIVE;
				CLANG_CXX_LANGUAGE_STANDARD = "gnu++14";
				CLANG_CXX_LIBRARY = "libc++";
				CLANG_ENABLE_MODULES = YES;
				CLANG_ENABLE_OBJC_ARC = YES;
				CLANG_ENABLE_OBJC_WEAK = YES;
				CLANG_WARN_BLOCK_CAPTURE_AUTORELEASING = YES;
				CLANG_WARN_BOOL_CONVERSION = YES;
				CLANG_WARN_COMMA = YES;
				CLANG_WARN_CONSTANT_CONVERSION = YES;
				CLANG_WARN_DEPRECATED_OBJC_IMPLEMENTATIONS = YES;
				CLANG_WARN_DIRECT_OBJC_ISA_USAGE = YES_ERROR;
				CLANG_WARN_DOCUMENTATION_COMMENTS = YES;
				CLANG_WARN_EMPTY_BODY = YES;
				CLANG_WARN_ENUM_CONVERSION = YES;
				CLANG_WARN_INFINITE_RECURSION = YES;
				CLANG_WARN_INT_CONVERSION = YES;
				CLANG_WARN_NON_LITERAL_NULL_CONVERSION = YES;
				CLANG_WARN_OBJC_IMPLICIT_RETAIN_SELF = YES;
				CLANG_WARN_OBJC_LITERAL_CONVERSION = YES;
				CLANG_WARN_OBJC_ROOT_CLASS = YES_ERROR;
				CLANG_WARN_RANGE_LOOP_ANALYSIS = YES;
				CLANG_WARN_STRICT_PROTOTYPES = YES;
				CLANG_WARN_SUSPICIOUS_MOVE = YES;
				CLANG_WARN_UNGUARDED_AVAILABILITY = YES_AGGRESSIVE;
				CLANG_WARN_UNREACHABLE_CODE = YES;
				CLANG_WARN__DUPLICATE_METHOD_MATCH = YES;
				COPY_PHASE_STRIP = NO;
				DEBUG_INFORMATION_FORMAT = "dwarf-with-dsym";
				ENABLE_NS_ASSERTIONS = NO;
				ENABLE_STRICT_OBJC_MSGSEND = YES;
				GCC_C_LANGUAGE_STANDARD = gnu11;
				GCC_NO_COMMON_BLOCKS = YES;
				GCC_WARN_64_TO_32_BIT_CONVERSION = YES;
				GCC_WARN_ABOUT_RETURN_TYPE = YES_ERROR;
				GCC_WARN_UNDECLARED_SELECTOR = YES;
				GCC_WARN_UNINITIALIZED_AUTOS = YES_AGGRESSIVE;
				GCC_WARN_UNUSED_FUNCTION = YES;
				GCC_WARN_UNUSED_VARIABLE = YES;
				IPHONEOS_DEPLOYMENT_TARGET = 13.2;
				MTL_ENABLE_DEBUG_INFO = NO;
				MTL_FAST_MATH = YES;
				SDKROOT = iphoneos;
				SWIFT_COMPILATION_MODE = wholemodule;
				SWIFT_OPTIMIZATION_LEVEL = "-O";
				VALIDATE_PRODUCT = YES;
			};
			name = Release;
		};
		47D385932406B45F007BA0BA /* Debug */ = {
			isa = XCBuildConfiguration;
			buildSettings = {
				ASSETCATALOG_COMPILER_APPICON_NAME = AppIcon;
				CODE_SIGN_STYLE = Automatic;
				DEVELOPMENT_TEAM = 554X8TL4T7;
				INFOPLIST_FILE = HipoAssignment/Info.plist;
				LD_RUNPATH_SEARCH_PATHS = (
					"$(inherited)",
					"@executable_path/Frameworks",
				);
				PRODUCT_BUNDLE_IDENTIFIER = Emre.HipoAssignment;
				PRODUCT_NAME = "$(TARGET_NAME)";
				SWIFT_VERSION = 5.0;
				TARGETED_DEVICE_FAMILY = "1,2";
			};
			name = Debug;
		};
		47D385942406B45F007BA0BA /* Release */ = {
			isa = XCBuildConfiguration;
			buildSettings = {
				ASSETCATALOG_COMPILER_APPICON_NAME = AppIcon;
				CODE_SIGN_STYLE = Automatic;
				DEVELOPMENT_TEAM = 554X8TL4T7;
				INFOPLIST_FILE = HipoAssignment/Info.plist;
				LD_RUNPATH_SEARCH_PATHS = (
					"$(inherited)",
					"@executable_path/Frameworks",
				);
				PRODUCT_BUNDLE_IDENTIFIER = Emre.HipoAssignment;
				PRODUCT_NAME = "$(TARGET_NAME)";
				SWIFT_VERSION = 5.0;
				TARGETED_DEVICE_FAMILY = "1,2";
			};
			name = Release;
		};
/* End XCBuildConfiguration section */

/* Begin XCConfigurationList section */
		47D385762406B45C007BA0BA /* Build configuration list for PBXProject "HipoAssignment" */ = {
			isa = XCConfigurationList;
			buildConfigurations = (
				47D385902406B45F007BA0BA /* Debug */,
				47D385912406B45F007BA0BA /* Release */,
			);
			defaultConfigurationIsVisible = 0;
			defaultConfigurationName = Release;
		};
		47D385922406B45F007BA0BA /* Build configuration list for PBXNativeTarget "HipoAssignment" */ = {
			isa = XCConfigurationList;
			buildConfigurations = (
				47D385932406B45F007BA0BA /* Debug */,
				47D385942406B45F007BA0BA /* Release */,
			);
			defaultConfigurationIsVisible = 0;
			defaultConfigurationName = Release;
		};
/* End XCConfigurationList section */

/* Begin XCVersionGroup section */
		47D385872406B45C007BA0BA /* HipoAssignment.xcdatamodeld */ = {
			isa = XCVersionGroup;
			children = (
				47D385882406B45C007BA0BA /* HipoAssignment.xcdatamodel */,
			);
			currentVersion = 47D385882406B45C007BA0BA /* HipoAssignment.xcdatamodel */;
			path = HipoAssignment.xcdatamodeld;
			sourceTree = "<group>";
			versionGroupType = wrapper.xcdatamodel;
		};
/* End XCVersionGroup section */
	};
	rootObject = 47D385732406B45C007BA0BA /* Project object */;
}
