// !$*UTF8*$!
{
	archiveVersion = 1;
	classes = {
	};
	objectVersion = 50;
	objects = {

/* Begin PBXBuildFile section */
		471ADCE32407E716004E9033 /* Github.swift in Sources */ = {isa = PBXBuildFile; fileRef = 471ADCE22407E716004E9033 /* Github.swift */; };
		471ADCE72407F2EE004E9033 /* GithubRequest.swift in Sources */ = {isa = PBXBuildFile; fileRef = 471ADCE62407F2EE004E9033 /* GithubRequest.swift */; };
		478F2928240A4D0400823C0E /* UIViewController+Alert.swift in Sources */ = {isa = PBXBuildFile; fileRef = 478F2927240A4D0400823C0E /* UIViewController+Alert.swift */; };
		47B97437240BA57500D04730 /* Utility.swift in Sources */ = {isa = PBXBuildFile; fileRef = 47B97436240BA57500D04730 /* Utility.swift */; };
		47D2AEEA2407A4300074F54C /* HipoMember+CoreDataClass.swift in Sources */ = {isa = PBXBuildFile; fileRef = 47D2AEE82407A4300074F54C /* HipoMember+CoreDataClass.swift */; };
		47D2AEEB2407A4300074F54C /* HipoMember+CoreDataProperties.swift in Sources */ = {isa = PBXBuildFile; fileRef = 47D2AEE92407A4300074F54C /* HipoMember+CoreDataProperties.swift */; };
		47D2AEED2407BC4A0074F54C /* StringExtension.swift in Sources */ = {isa = PBXBuildFile; fileRef = 47D2AEEC2407BC4A0074F54C /* StringExtension.swift */; };
		47D2AEF22407CBA80074F54C /* MemberDetailTableViewCell.swift in Sources */ = {isa = PBXBuildFile; fileRef = 47D2AEF12407CBA80074F54C /* MemberDetailTableViewCell.swift */; };
		47D3857F2406B45C007BA0BA /* AppDelegate.swift in Sources */ = {isa = PBXBuildFile; fileRef = 47D3857E2406B45C007BA0BA /* AppDelegate.swift */; };
		47D385812406B45C007BA0BA /* SceneDelegate.swift in Sources */ = {isa = PBXBuildFile; fileRef = 47D385802406B45C007BA0BA /* SceneDelegate.swift */; };
		47D385832406B45C007BA0BA /* MembersViewController.swift in Sources */ = {isa = PBXBuildFile; fileRef = 47D385822406B45C007BA0BA /* MembersViewController.swift */; };
		47D385892406B45C007BA0BA /* HipoAssignment.xcdatamodeld in Sources */ = {isa = PBXBuildFile; fileRef = 47D385872406B45C007BA0BA /* HipoAssignment.xcdatamodeld */; };
		47D3858B2406B45F007BA0BA /* Assets.xcassets in Resources */ = {isa = PBXBuildFile; fileRef = 47D3858A2406B45F007BA0BA /* Assets.xcassets */; };
		47D3858E2406B45F007BA0BA /* LaunchScreen.storyboard in Resources */ = {isa = PBXBuildFile; fileRef = 47D3858C2406B45F007BA0BA /* LaunchScreen.storyboard */; };
		47D385962406BC71007BA0BA /* MemberDetailViewController.swift in Sources */ = {isa = PBXBuildFile; fileRef = 47D385952406BC71007BA0BA /* MemberDetailViewController.swift */; };
		47D385982406C02A007BA0BA /* AddNewMemberViewController.swift in Sources */ = {isa = PBXBuildFile; fileRef = 47D385972406C02A007BA0BA /* AddNewMemberViewController.swift */; };
		47D3859B2406C147007BA0BA /* hipo.json in Resources */ = {isa = PBXBuildFile; fileRef = 47D3859A2406C147007BA0BA /* hipo.json */; };
		47D3859E2406C18D007BA0BA /* Hipo.swift in Sources */ = {isa = PBXBuildFile; fileRef = 47D3859D2406C18D007BA0BA /* Hipo.swift */; };
		47D385A12407122E007BA0BA /* UIImage.swift in Sources */ = {isa = PBXBuildFile; fileRef = 47D385A02407122E007BA0BA /* UIImage.swift */; };
/* End PBXBuildFile section */

/* Begin PBXFileReference section */
		471ADCE22407E716004E9033 /* Github.swift */ = {isa = PBXFileReference; lastKnownFileType = sourcecode.swift; path = Github.swift; sourceTree = "<group>"; };
		471ADCE62407F2EE004E9033 /* GithubRequest.swift */ = {isa = PBXFileReference; lastKnownFileType = sourcecode.swift; path = GithubRequest.swift; sourceTree = "<group>"; };
		478F2927240A4D0400823C0E /* UIViewController+Alert.swift */ = {isa = PBXFileReference; lastKnownFileType = sourcecode.swift; path = "UIViewController+Alert.swift"; sourceTree = "<group>"; };
		47B97436240BA57500D04730 /* Utility.swift */ = {isa = PBXFileReference; lastKnownFileType = sourcecode.swift; path = Utility.swift; sourceTree = "<group>"; };
		47D2AEE82407A4300074F54C /* HipoMember+CoreDataClass.swift */ = {isa = PBXFileReference; lastKnownFileType = sourcecode.swift; path = "HipoMember+CoreDataClass.swift"; sourceTree = "<group>"; };
		47D2AEE92407A4300074F54C /* HipoMember+CoreDataProperties.swift */ = {isa = PBXFileReference; lastKnownFileType = sourcecode.swift; path = "HipoMember+CoreDataProperties.swift"; sourceTree = "<group>"; };
		47D2AEEC2407BC4A0074F54C /* StringExtension.swift */ = {isa = PBXFileReference; lastKnownFileType = sourcecode.swift; path = StringExtension.swift; sourceTree = "<group>"; };
		47D2AEF12407CBA80074F54C /* MemberDetailTableViewCell.swift */ = {isa = PBXFileReference; lastKnownFileType = sourcecode.swift; path = MemberDetailTableViewCell.swift; sourceTree = "<group>"; };
		47D3857B2406B45C007BA0BA /* HipoAssignment.app */ = {isa = PBXFileReference; explicitFileType = wrapper.application; includeInIndex = 0; path = HipoAssignment.app; sourceTree = BUILT_PRODUCTS_DIR; };
		47D3857E2406B45C007BA0BA /* AppDelegate.swift */ = {isa = PBXFileReference; lastKnownFileType = sourcecode.swift; path = AppDelegate.swift; sourceTree = "<group>"; };
		47D385802406B45C007BA0BA /* SceneDelegate.swift */ = {isa = PBXFileReference; lastKnownFileType = sourcecode.swift; path = SceneDelegate.swift; sourceTree = "<group>"; };
		47D385822406B45C007BA0BA /* MembersViewController.swift */ = {isa = PBXFileReference; lastKnownFileType = sourcecode.swift; path = MembersViewController.swift; sourceTree = "<group>"; };
		47D385882406B45C007BA0BA /* HipoAssignment.xcdatamodel */ = {isa = PBXFileReference; lastKnownFileType = wrapper.xcdatamodel; path = HipoAssignment.xcdatamodel; sourceTree = "<group>"; };
		47D3858A2406B45F007BA0BA /* Assets.xcassets */ = {isa = PBXFileReference; lastKnownFileType = folder.assetcatalog; path = Assets.xcassets; sourceTree = "<group>"; };
		47D3858D2406B45F007BA0BA /* Base */ = {isa = PBXFileReference; lastKnownFileType = file.storyboard; name = Base; path = Base.lproj/LaunchScreen.storyboard; sourceTree = "<group>"; };
		47D3858F2406B45F007BA0BA /* Info.plist */ = {isa = PBXFileReference; lastKnownFileType = text.plist.xml; path = Info.plist; sourceTree = "<group>"; };
		47D385952406BC71007BA0BA /* MemberDetailViewController.swift */ = {isa = PBXFileReference; lastKnownFileType = sourcecode.swift; path = MemberDetailViewController.swift; sourceTree = "<group>"; };
		47D385972406C02A007BA0BA /* AddNewMemberViewController.swift */ = {isa = PBXFileReference; lastKnownFileType = sourcecode.swift; path = AddNewMemberViewController.swift; sourceTree = "<group>"; };
		47D3859A2406C147007BA0BA /* hipo.json */ = {isa = PBXFileReference; fileEncoding = 4; lastKnownFileType = text.json; path = hipo.json; sourceTree = "<group>"; };
		47D3859D2406C18D007BA0BA /* Hipo.swift */ = {isa = PBXFileReference; lastKnownFileType = sourcecode.swift; path = Hipo.swift; sourceTree = "<group>"; };
		47D385A02407122E007BA0BA /* UIImage.swift */ = {isa = PBXFileReference; lastKnownFileType = sourcecode.swift; path = UIImage.swift; sourceTree = "<group>"; };
/* End PBXFileReference section */

/* Begin PBXFrameworksBuildPhase section */
		47D385782406B45C007BA0BA /* Frameworks */ = {
			isa = PBXFrameworksBuildPhase;
			buildActionMask = 2147483647;
			files = (
			);
			runOnlyForDeploymentPostprocessing = 0;
		};
/* End PBXFrameworksBuildPhase section */

/* Begin PBXGroup section */
		47B97435240BA55100D04730 /* Utility */ = {
			isa = PBXGroup;
			children = (
				47B97436240BA57500D04730 /* Utility.swift */,
			);
			path = Utility;
			sourceTree = "<group>";
		};
		47B97439240BA83500D04730 /* Resources */ = {
			isa = PBXGroup;
			children = (
				47D3859A2406C147007BA0BA /* hipo.json */,
				47D3858A2406B45F007BA0BA /* Assets.xcassets */,
			);
			path = Resources;
			sourceTree = "<group>";
		};
		47B9743A240BA87700D04730 /* Application */ = {
			isa = PBXGroup;
			children = (
				47D385802406B45C007BA0BA /* SceneDelegate.swift */,
				47D3858C2406B45F007BA0BA /* LaunchScreen.storyboard */,
			);
			path = Application;
			sourceTree = "<group>";
		};
		47B9743B240BA93200D04730 /* Network Request */ = {
			isa = PBXGroup;
			children = (
				471ADCE62407F2EE004E9033 /* GithubRequest.swift */,
			);
			path = "Network Request";
			sourceTree = "<group>";
		};
		47D2AEEE2407CB520074F54C /* MemberDetail */ = {
			isa = PBXGroup;
			children = (
				47D2AEF02407CB8A0074F54C /* View */,
				47D2AEEF2407CB7A0074F54C /* Controller */,
			);
			path = MemberDetail;
			sourceTree = "<group>";
		};
		47D2AEEF2407CB7A0074F54C /* Controller */ = {
			isa = PBXGroup;
			children = (
				47D385952406BC71007BA0BA /* MemberDetailViewController.swift */,
			);
			path = Controller;
			sourceTree = "<group>";
		};
		47D2AEF02407CB8A0074F54C /* View */ = {
			isa = PBXGroup;
			children = (
				47D2AEF12407CBA80074F54C /* MemberDetailTableViewCell.swift */,
			);
			path = View;
			sourceTree = "<group>";
		};
		47D2AEF32407CBFB0074F54C /* Member */ = {
			isa = PBXGroup;
			children = (
				47D2AEF42407CC120074F54C /* Controller */,
			);
			path = Member;
			sourceTree = "<group>";
		};
		47D2AEF42407CC120074F54C /* Controller */ = {
			isa = PBXGroup;
			children = (
				47D385822406B45C007BA0BA /* MembersViewController.swift */,
			);
			path = Controller;
			sourceTree = "<group>";
		};
		47D2AEF52407CC2C0074F54C /* Add New Member */ = {
			isa = PBXGroup;
			children = (
				47D2AEF62407CC390074F54C /* Controller */,
			);
			path = "Add New Member";
			sourceTree = "<group>";
		};
		47D2AEF62407CC390074F54C /* Controller */ = {
			isa = PBXGroup;
			children = (
				47D385972406C02A007BA0BA /* AddNewMemberViewController.swift */,
			);
			path = Controller;
			sourceTree = "<group>";
		};
		47D2AEF72407CC4A0074F54C /* Core Data */ = {
			isa = PBXGroup;
			children = (
				47D385872406B45C007BA0BA /* HipoAssignment.xcdatamodeld */,
				47D2AEE82407A4300074F54C /* HipoMember+CoreDataClass.swift */,
				47D2AEE92407A4300074F54C /* HipoMember+CoreDataProperties.swift */,
			);
			path = "Core Data";
			sourceTree = "<group>";
		};
		47D385722406B45C007BA0BA = {
			isa = PBXGroup;
			children = (
				47D3857D2406B45C007BA0BA /* HipoAssignment */,
				47D3857C2406B45C007BA0BA /* Products */,
				47B97439240BA83500D04730 /* Resources */,
			);
			sourceTree = "<group>";
		};
		47D3857C2406B45C007BA0BA /* Products */ = {
			isa = PBXGroup;
			children = (
				47D3857B2406B45C007BA0BA /* HipoAssignment.app */,
			);
			name = Products;
			sourceTree = "<group>";
		};
		47D3857D2406B45C007BA0BA /* HipoAssignment */ = {
			isa = PBXGroup;
			children = (
				47B9743B240BA93200D04730 /* Network Request */,
				47D3858F2406B45F007BA0BA /* Info.plist */,
				47D3857E2406B45C007BA0BA /* AppDelegate.swift */,
				47B9743A240BA87700D04730 /* Application */,
				47B97435240BA55100D04730 /* Utility */,
				47D2AEF72407CC4A0074F54C /* Core Data */,
				47D2AEF52407CC2C0074F54C /* Add New Member */,
				47D2AEF32407CBFB0074F54C /* Member */,
				47D2AEEE2407CB520074F54C /* MemberDetail */,
				47D3859F24071215007BA0BA /* Extensions */,
				47D3859C2406C180007BA0BA /* Model */,
			);
			path = HipoAssignment;
			sourceTree = "<group>";
		};
		47D3859C2406C180007BA0BA /* Model */ = {
			isa = PBXGroup;
			children = (
				47D3859D2406C18D007BA0BA /* Hipo.swift */,
				471ADCE22407E716004E9033 /* Github.swift */,
			);
			path = Model;
			sourceTree = "<group>";
		};
		47D3859F24071215007BA0BA /* Extensions */ = {
			isa = PBXGroup;
			children = (
				47D385A02407122E007BA0BA /* UIImage.swift */,
				47D2AEEC2407BC4A0074F54C /* StringExtension.swift */,
				478F2927240A4D0400823C0E /* UIViewController+Alert.swift */,
			);
			path = Extensions;
			sourceTree = "<group>";
		};
/* End PBXGroup section */

/* Begin PBXNativeTarget section */
		47D3857A2406B45C007BA0BA /* HipoAssignment */ = {
			isa = PBXNativeTarget;
			buildConfigurationList = 47D385922406B45F007BA0BA /* Build configuration list for PBXNativeTarget "HipoAssignment" */;
			buildPhases = (
				47D385772406B45C007BA0BA /* Sources */,
				47D385782406B45C007BA0BA /* Frameworks */,
				47D385792406B45C007BA0BA /* Resources */,
			);
			buildRules = (
			);
			dependencies = (
			);
			name = HipoAssignment;
			productName = HipoAssignment;
			productReference = 47D3857B2406B45C007BA0BA /* HipoAssignment.app */;
			productType = "com.apple.product-type.application";
		};
/* End PBXNativeTarget section */

/* Begin PBXProject section */
		47D385732406B45C007BA0BA /* Project object */ = {
			isa = PBXProject;
			attributes = {
				LastSwiftUpdateCheck = 1130;
				LastUpgradeCheck = 1130;
				ORGANIZATIONNAME = "Ali Emre Degirmenci";
				TargetAttributes = {
					47D3857A2406B45C007BA0BA = {
						CreatedOnToolsVersion = 11.3.1;
					};
				};
			};
			buildConfigurationList = 47D385762406B45C007BA0BA /* Build configuration list for PBXProject "HipoAssignment" */;
			compatibilityVersion = "Xcode 9.3";
			developmentRegion = en;
			hasScannedForEncodings = 0;
			knownRegions = (
				en,
				Base,
			);
			mainGroup = 47D385722406B45C007BA0BA;
			productRefGroup = 47D3857C2406B45C007BA0BA /* Products */;
			projectDirPath = "";
			projectRoot = "";
			targets = (
				47D3857A2406B45C007BA0BA /* HipoAssignment */,
			);
		};
/* End PBXProject section */

/* Begin PBXResourcesBuildPhase section */
		47D385792406B45C007BA0BA /* Resources */ = {
			isa = PBXResourcesBuildPhase;
			buildActionMask = 2147483647;
			files = (
				47D3858E2406B45F007BA0BA /* LaunchScreen.storyboard in Resources */,
				47D3859B2406C147007BA0BA /* hipo.json in Resources */,
				47D3858B2406B45F007BA0BA /* Assets.xcassets in Resources */,
			);
			runOnlyForDeploymentPostprocessing = 0;
		};
/* End PBXResourcesBuildPhase section */

/* Begin PBXSourcesBuildPhase section */
		47D385772406B45C007BA0BA /* Sources */ = {
			isa = PBXSourcesBuildPhase;
			buildActionMask = 2147483647;
			files = (
				47D385892406B45C007BA0BA /* HipoAssignment.xcdatamodeld in Sources */,
				47D385A12407122E007BA0BA /* UIImage.swift in Sources */,
				47B97437240BA57500D04730 /* Utility.swift in Sources */,
				47D385832406B45C007BA0BA /* MembersViewController.swift in Sources */,
				478F2928240A4D0400823C0E /* UIViewController+Alert.swift in Sources */,
				47D2AEEA2407A4300074F54C /* HipoMember+CoreDataClass.swift in Sources */,
				471ADCE32407E716004E9033 /* Github.swift in Sources */,
				47D385982406C02A007BA0BA /* AddNewMemberViewController.swift in Sources */,
				47D3859E2406C18D007BA0BA /* Hipo.swift in Sources */,
				47D2AEF22407CBA80074F54C /* MemberDetailTableViewCell.swift in Sources */,
				47D3857F2406B45C007BA0BA /* AppDelegate.swift in Sources */,
				471ADCE72407F2EE004E9033 /* GithubRequest.swift in Sources */,
				47D385962406BC71007BA0BA /* MemberDetailViewController.swift in Sources */,
				47D2AEED2407BC4A0074F54C /* StringExtension.swift in Sources */,
				47D2AEEB2407A4300074F54C /* HipoMember+CoreDataProperties.swift in Sources */,
				47D385812406B45C007BA0BA /* SceneDelegate.swift in Sources */,
			);
			runOnlyForDeploymentPostprocessing = 0;
		};
/* End PBXSourcesBuildPhase section */

/* Begin PBXVariantGroup section */
		47D3858C2406B45F007BA0BA /* LaunchScreen.storyboard */ = {
			isa = PBXVariantGroup;
			children = (
				47D3858D2406B45F007BA0BA /* Base */,
			);
			name = LaunchScreen.storyboard;
			sourceTree = "<group>";
		};
/* End PBXVariantGroup section */

/* Begin XCBuildConfiguration section */
		47D385902406B45F007BA0BA /* Debug */ = {
			isa = XCBuildConfiguration;
			buildSettings = {
				ALWAYS_SEARCH_USER_PATHS = NO;
				CLANG_ANALYZER_NONNULL = YES;
				CLANG_ANALYZER_NUMBER_OBJECT_CONVERSION = YES_AGGRESSIVE;
				CLANG_CXX_LANGUAGE_STANDARD = "gnu++14";
				CLANG_CXX_LIBRARY = "libc++";
				CLANG_ENABLE_MODULES = YES;
				CLANG_ENABLE_OBJC_ARC = YES;
				CLANG_ENABLE_OBJC_WEAK = YES;
				CLANG_WARN_BLOCK_CAPTURE_AUTORELEASING = YES;
				CLANG_WARN_BOOL_CONVERSION = YES;
				CLANG_WARN_COMMA = YES;
				CLANG_WARN_CONSTANT_CONVERSION = YES;
				CLANG_WARN_DEPRECATED_OBJC_IMPLEMENTATIONS = YES;
				CLANG_WARN_DIRECT_OBJC_ISA_USAGE = YES_ERROR;
				CLANG_WARN_DOCUMENTATION_COMMENTS = YES;
				CLANG_WARN_EMPTY_BODY = YES;
				CLANG_WARN_ENUM_CONVERSION = YES;
				CLANG_WARN_INFINITE_RECURSION = YES;
				CLANG_WARN_INT_CONVERSION = YES;
				CLANG_WARN_NON_LITERAL_NULL_CONVERSION = YES;
				CLANG_WARN_OBJC_IMPLICIT_RETAIN_SELF = YES;
				CLANG_WARN_OBJC_LITERAL_CONVERSION = YES;
				CLANG_WARN_OBJC_ROOT_CLASS = YES_ERROR;
				CLANG_WARN_RANGE_LOOP_ANALYSIS = YES;
				CLANG_WARN_STRICT_PROTOTYPES = YES;
				CLANG_WARN_SUSPICIOUS_MOVE = YES;
				CLANG_WARN_UNGUARDED_AVAILABILITY = YES_AGGRESSIVE;
				CLANG_WARN_UNREACHABLE_CODE = YES;
				CLANG_WARN__DUPLICATE_METHOD_MATCH = YES;
				COPY_PHASE_STRIP = NO;
				DEBUG_INFORMATION_FORMAT = dwarf;
				ENABLE_STRICT_OBJC_MSGSEND = YES;
				ENABLE_TESTABILITY = YES;
				GCC_C_LANGUAGE_STANDARD = gnu11;
				GCC_DYNAMIC_NO_PIC = NO;
				GCC_NO_COMMON_BLOCKS = YES;
				GCC_OPTIMIZATION_LEVEL = 0;
				GCC_PREPROCESSOR_DEFINITIONS = (
					"DEBUG=1",
					"$(inherited)",
				);
				GCC_WARN_64_TO_32_BIT_CONVERSION = YES;
				GCC_WARN_ABOUT_RETURN_TYPE = YES_ERROR;
				GCC_WARN_UNDECLARED_SELECTOR = YES;
				GCC_WARN_UNINITIALIZED_AUTOS = YES_AGGRESSIVE;
				GCC_WARN_UNUSED_FUNCTION = YES;
				GCC_WARN_UNUSED_VARIABLE = YES;
				IPHONEOS_DEPLOYMENT_TARGET = 13.2;
				MTL_ENABLE_DEBUG_INFO = INCLUDE_SOURCE;
				MTL_FAST_MATH = YES;
				ONLY_ACTIVE_ARCH = YES;
				SDKROOT = iphoneos;
				SWIFT_ACTIVE_COMPILATION_CONDITIONS = DEBUG;
				SWIFT_OPTIMIZATION_LEVEL = "-Onone";
			};
			name = Debug;
		};
		47D385912406B45F007BA0BA /* Release */ = {
			isa = XCBuildConfiguration;
			buildSettings = {
				ALWAYS_SEARCH_USER_PATHS = NO;
				CLANG_ANALYZER_NONNULL = YES;
				CLANG_ANALYZER_NUMBER_OBJECT_CONVERSION = YES_AGGRESSIVE;
				CLANG_CXX_LANGUAGE_STANDARD = "gnu++14";
				CLANG_CXX_LIBRARY = "libc++";
				CLANG_ENABLE_MODULES = YES;
				CLANG_ENABLE_OBJC_ARC = YES;
				CLANG_ENABLE_OBJC_WEAK = YES;
				CLANG_WARN_BLOCK_CAPTURE_AUTORELEASING = YES;
				CLANG_WARN_BOOL_CONVERSION = YES;
				CLANG_WARN_COMMA = YES;
				CLANG_WARN_CONSTANT_CONVERSION = YES;
				CLANG_WARN_DEPRECATED_OBJC_IMPLEMENTATIONS = YES;
				CLANG_WARN_DIRECT_OBJC_ISA_USAGE = YES_ERROR;
				CLANG_WARN_DOCUMENTATION_COMMENTS = YES;
				CLANG_WARN_EMPTY_BODY = YES;
				CLANG_WARN_ENUM_CONVERSION = YES;
				CLANG_WARN_INFINITE_RECURSION = YES;
				CLANG_WARN_INT_CONVERSION = YES;
				CLANG_WARN_NON_LITERAL_NULL_CONVERSION = YES;
				CLANG_WARN_OBJC_IMPLICIT_RETAIN_SELF = YES;
				CLANG_WARN_OBJC_LITERAL_CONVERSION = YES;
				CLANG_WARN_OBJC_ROOT_CLASS = YES_ERROR;
				CLANG_WARN_RANGE_LOOP_ANALYSIS = YES;
				CLANG_WARN_STRICT_PROTOTYPES = YES;
				CLANG_WARN_SUSPICIOUS_MOVE = YES;
				CLANG_WARN_UNGUARDED_AVAILABILITY = YES_AGGRESSIVE;
				CLANG_WARN_UNREACHABLE_CODE = YES;
				CLANG_WARN__DUPLICATE_METHOD_MATCH = YES;
				COPY_PHASE_STRIP = NO;
				DEBUG_INFORMATION_FORMAT = "dwarf-with-dsym";
				ENABLE_NS_ASSERTIONS = NO;
				ENABLE_STRICT_OBJC_MSGSEND = YES;
				GCC_C_LANGUAGE_STANDARD = gnu11;
				GCC_NO_COMMON_BLOCKS = YES;
				GCC_WARN_64_TO_32_BIT_CONVERSION = YES;
				GCC_WARN_ABOUT_RETURN_TYPE = YES_ERROR;
				GCC_WARN_UNDECLARED_SELECTOR = YES;
				GCC_WARN_UNINITIALIZED_AUTOS = YES_AGGRESSIVE;
				GCC_WARN_UNUSED_FUNCTION = YES;
				GCC_WARN_UNUSED_VARIABLE = YES;
				IPHONEOS_DEPLOYMENT_TARGET = 13.2;
				MTL_ENABLE_DEBUG_INFO = NO;
				MTL_FAST_MATH = YES;
				SDKROOT = iphoneos;
				SWIFT_COMPILATION_MODE = wholemodule;
				SWIFT_OPTIMIZATION_LEVEL = "-O";
				VALIDATE_PRODUCT = YES;
			};
			name = Release;
		};
		47D385932406B45F007BA0BA /* Debug */ = {
			isa = XCBuildConfiguration;
			buildSettings = {
				ASSETCATALOG_COMPILER_APPICON_NAME = AppIcon;
				CODE_SIGN_STYLE = Automatic;
				DEVELOPMENT_TEAM = 554X8TL4T7;
				INFOPLIST_FILE = HipoAssignment/Info.plist;
				LD_RUNPATH_SEARCH_PATHS = (
					"$(inherited)",
					"@executable_path/Frameworks",
				);
				PRODUCT_BUNDLE_IDENTIFIER = Emre.HipoAssignment;
				PRODUCT_NAME = "$(TARGET_NAME)";
				SWIFT_VERSION = 5.0;
				TARGETED_DEVICE_FAMILY = "1,2";
			};
			name = Debug;
		};
		47D385942406B45F007BA0BA /* Release */ = {
			isa = XCBuildConfiguration;
			buildSettings = {
				ASSETCATALOG_COMPILER_APPICON_NAME = AppIcon;
				CODE_SIGN_STYLE = Automatic;
				DEVELOPMENT_TEAM = 554X8TL4T7;
				INFOPLIST_FILE = HipoAssignment/Info.plist;
				LD_RUNPATH_SEARCH_PATHS = (
					"$(inherited)",
					"@executable_path/Frameworks",
				);
				PRODUCT_BUNDLE_IDENTIFIER = Emre.HipoAssignment;
				PRODUCT_NAME = "$(TARGET_NAME)";
				SWIFT_VERSION = 5.0;
				TARGETED_DEVICE_FAMILY = "1,2";
			};
			name = Release;
		};
/* End XCBuildConfiguration section */

/* Begin XCConfigurationList section */
		47D385762406B45C007BA0BA /* Build configuration list for PBXProject "HipoAssignment" */ = {
			isa = XCConfigurationList;
			buildConfigurations = (
				47D385902406B45F007BA0BA /* Debug */,
				47D385912406B45F007BA0BA /* Release */,
			);
			defaultConfigurationIsVisible = 0;
			defaultConfigurationName = Release;
		};
		47D385922406B45F007BA0BA /* Build configuration list for PBXNativeTarget "HipoAssignment" */ = {
			isa = XCConfigurationList;
			buildConfigurations = (
				47D385932406B45F007BA0BA /* Debug */,
				47D385942406B45F007BA0BA /* Release */,
			);
			defaultConfigurationIsVisible = 0;
			defaultConfigurationName = Release;
		};
/* End XCConfigurationList section */

/* Begin XCVersionGroup section */
		47D385872406B45C007BA0BA /* HipoAssignment.xcdatamodeld */ = {
			isa = XCVersionGroup;
			children = (
				47D385882406B45C007BA0BA /* HipoAssignment.xcdatamodel */,
			);
			currentVersion = 47D385882406B45C007BA0BA /* HipoAssignment.xcdatamodel */;
			path = HipoAssignment.xcdatamodeld;
			sourceTree = "<group>";
			versionGroupType = wrapper.xcdatamodel;
		};
/* End XCVersionGroup section */
	};
	rootObject = 47D385732406B45C007BA0BA /* Project object */;
}
